Microsoft Visual Studio Solution File, Format Version 11.00
# Visual Studio 2008

Project("{AF70D648-557C-BD87-08E9-94A9D78261CC}") = "Pro-Crastinate", "Assembly-CSharp-firstpass-vs.csproj", "{0C52FAFF-2FC8-A63D-8F11-768CCAA7E4BE}"
EndProject
Project("{AF70D648-557C-BD87-08E9-94A9D78261CC}") = "Pro-Crastinate", "Assembly-CSharp-vs.csproj", "{D22B1380-28A4-D024-4E79-078C00C02FDE}"
EndProject
Project("{AF70D648-557C-BD87-08E9-94A9D78261CC}") = "Pro-Crastinate", "Assembly-CSharp-Editor-vs.csproj", "{1C619FFB-04C7-F780-071C-BE93181CDBEE}"
EndProject
Global
	GlobalSection(SolutionConfigurationPlatforms) = preSolution
		Debug|Any CPU = Debug|Any CPU
		Release|Any CPU = Release|Any CPU
	EndGlobalSection
	GlobalSection(ProjectConfigurationPlatforms) = postSolution
		{0C52FAFF-2FC8-A63D-8F11-768CCAA7E4BE}.Debug|Any CPU.ActiveCfg = Debug|Any CPU
		{0C52FAFF-2FC8-A63D-8F11-768CCAA7E4BE}.Debug|Any CPU.Build.0 = Debug|Any CPU
		{0C52FAFF-2FC8-A63D-8F11-768CCAA7E4BE}.Release|Any CPU.ActiveCfg = Release|Any CPU
		{0C52FAFF-2FC8-A63D-8F11-768CCAA7E4BE}.Release|Any CPU.Build.0 = Release|Any CPU
		{D22B1380-28A4-D024-4E79-078C00C02FDE}.Debug|Any CPU.ActiveCfg = Debug|Any CPU
		{D22B1380-28A4-D024-4E79-078C00C02FDE}.Debug|Any CPU.Build.0 = Debug|Any CPU
		{D22B1380-28A4-D024-4E79-078C00C02FDE}.Release|Any CPU.ActiveCfg = Release|Any CPU
		{D22B1380-28A4-D024-4E79-078C00C02FDE}.Release|Any CPU.Build.0 = Release|Any CPU
		{1C619FFB-04C7-F780-071C-BE93181CDBEE}.Debug|Any CPU.ActiveCfg = Debug|Any CPU
		{1C619FFB-04C7-F780-071C-BE93181CDBEE}.Debug|Any CPU.Build.0 = Debug|Any CPU
		{1C619FFB-04C7-F780-071C-BE93181CDBEE}.Release|Any CPU.ActiveCfg = Release|Any CPU
		{1C619FFB-04C7-F780-071C-BE93181CDBEE}.Release|Any CPU.Build.0 = Release|Any CPU
	EndGlobalSection
	GlobalSection(SolutionProperties) = preSolution
		HideSolutionNode = FALSE
	EndGlobalSection
																																																																																																																							GlobalSection(MonoDevelopProperties) = preSolution
		StartupItem = Assembly-CSharp.csproj
		Policies = $0
		$0.TextStylePolicy = $1
		$1.inheritsSet = null
		$1.scope = text/x-csharp
		$0.CSharpFormattingPolicy = $2
		$2.inheritsSet = Mono
		$2.inheritsScope = text/x-csharp
		$2.scope = text/x-csharp
		$0.TextStylePolicy = $3
		$3.FileWidth = 120
		$3.TabWidth = 4
		$3.IndentWidth = 4
		$3.EolMarker = Unix
		$3.inheritsSet = Mono
		$3.inheritsScope = text/plain
		$3.scope = text/plain
	EndGlobalSection

EndGlobal
