Microsoft Visual Studio Solution File, Format Version 11.00
# Visual Studio 2008

Project("{2279D592-152D-99D8-DBEF-45C0F77F8938}") = "Pro-Crastinate copy", "Assembly-CSharp-firstpass-vs.csproj", "{EB6B3F67-A081-D321-7EEF-9D446E8A70E3}"
EndProject
Project("{2279D592-152D-99D8-DBEF-45C0F77F8938}") = "Pro-Crastinate copy", "Assembly-CSharp-vs.csproj", "{B2F8CEEB-CF33-D863-FA36-8747CA861BC5}"
EndProject
Project("{2279D592-152D-99D8-DBEF-45C0F77F8938}") = "Pro-Crastinate copy", "Assembly-CSharp-Editor-vs.csproj", "{0981BC6C-429A-9D60-8240-E4A87DFEF5B4}"
EndProject
Global
	GlobalSection(SolutionConfigurationPlatforms) = preSolution
		Debug|Any CPU = Debug|Any CPU
		Release|Any CPU = Release|Any CPU
	EndGlobalSection
	GlobalSection(ProjectConfigurationPlatforms) = postSolution
		{EB6B3F67-A081-D321-7EEF-9D446E8A70E3}.Debug|Any CPU.ActiveCfg = Debug|Any CPU
		{EB6B3F67-A081-D321-7EEF-9D446E8A70E3}.Debug|Any CPU.Build.0 = Debug|Any CPU
		{EB6B3F67-A081-D321-7EEF-9D446E8A70E3}.Release|Any CPU.ActiveCfg = Release|Any CPU
		{EB6B3F67-A081-D321-7EEF-9D446E8A70E3}.Release|Any CPU.Build.0 = Release|Any CPU
		{B2F8CEEB-CF33-D863-FA36-8747CA861BC5}.Debug|Any CPU.ActiveCfg = Debug|Any CPU
		{B2F8CEEB-CF33-D863-FA36-8747CA861BC5}.Debug|Any CPU.Build.0 = Debug|Any CPU
		{B2F8CEEB-CF33-D863-FA36-8747CA861BC5}.Release|Any CPU.ActiveCfg = Release|Any CPU
		{B2F8CEEB-CF33-D863-FA36-8747CA861BC5}.Release|Any CPU.Build.0 = Release|Any CPU
		{0981BC6C-429A-9D60-8240-E4A87DFEF5B4}.Debug|Any CPU.ActiveCfg = Debug|Any CPU
		{0981BC6C-429A-9D60-8240-E4A87DFEF5B4}.Debug|Any CPU.Build.0 = Debug|Any CPU
		{0981BC6C-429A-9D60-8240-E4A87DFEF5B4}.Release|Any CPU.ActiveCfg = Release|Any CPU
		{0981BC6C-429A-9D60-8240-E4A87DFEF5B4}.Release|Any CPU.Build.0 = Release|Any CPU
	EndGlobalSection
	GlobalSection(SolutionProperties) = preSolution
		HideSolutionNode = FALSE
	EndGlobalSection
			GlobalSection(MonoDevelopProperties) = preSolution
		StartupItem = Assembly-CSharp.csproj
		Policies = $0
		$0.TextStylePolicy = $1
		$1.inheritsSet = null
		$1.scope = text/x-csharp
		$0.CSharpFormattingPolicy = $2
		$2.inheritsSet = Mono
		$2.inheritsScope = text/x-csharp
		$2.scope = text/x-csharp
		$0.TextStylePolicy = $3
		$3.FileWidth = 120
		$3.TabWidth = 4
		$3.IndentWidth = 4
		$3.EolMarker = Unix
		$3.inheritsSet = Mono
		$3.inheritsScope = text/plain
		$3.scope = text/plain
	EndGlobalSection

EndGlobal
