// !$*UTF8*$!
{
	archiveVersion = 1;
	classes = {
	};
	objectVersion = 46;
	objects = {

/* Begin PBXBuildFile section */
		5073A4331B5295EE000CA2D2 /* AppDelegate.m in Sources */ = {isa = PBXBuildFile; fileRef = 5073A4321B5295EE000CA2D2 /* AppDelegate.m */; };
		5073A4361B5295EE000CA2D2 /* main.m in Sources */ = {isa = PBXBuildFile; fileRef = 5073A4351B5295EE000CA2D2 /* main.m */; };
		5073A4381B5295EE000CA2D2 /* Assets.xcassets in Resources */ = {isa = PBXBuildFile; fileRef = 5073A4371B5295EE000CA2D2 /* Assets.xcassets */; };
		5073A43B1B5295EE000CA2D2 /* MainMenu.xib in Resources */ = {isa = PBXBuildFile; fileRef = 5073A4391B5295EE000CA2D2 /* MainMenu.xib */; };
		5073A4411B529608000CA2D2 /* Pro-Crastinate v0.2.10.app in Resources */ = {isa = PBXBuildFile; fileRef = 5073A4401B529608000CA2D2 /* Pro-Crastinate v0.2.10.app */; };
		5073A4421B529644000CA2D2 /* Pro-Crastinate v0.2.10.app in Resources */ = {isa = PBXBuildFile; fileRef = 5073A4401B529608000CA2D2 /* Pro-Crastinate v0.2.10.app */; };
		5073A4441B529672000CA2D2 /* Pro-Crastinate v0.2.10.app in Resources */ = {isa = PBXBuildFile; fileRef = 5073A4431B529672000CA2D2 /* Pro-Crastinate v0.2.10.app */; };
		5073A4451B52967F000CA2D2 /* Pro-Crastinate v0.2.10.app in Frameworks */ = {isa = PBXBuildFile; fileRef = 5073A4431B529672000CA2D2 /* Pro-Crastinate v0.2.10.app */; };
		5073A4471B5296AB000CA2D2 /* GameKit.framework in Frameworks */ = {isa = PBXBuildFile; fileRef = 5073A4461B5296AB000CA2D2 /* GameKit.framework */; };
/* End PBXBuildFile section */

/* Begin PBXFileReference section */
		5073A42E1B5295EE000CA2D2 /* pro-crastinate.app */ = {isa = PBXFileReference; explicitFileType = wrapper.application; includeInIndex = 0; path = "pro-crastinate.app"; sourceTree = BUILT_PRODUCTS_DIR; };
		5073A4311B5295EE000CA2D2 /* AppDelegate.h */ = {isa = PBXFileReference; lastKnownFileType = sourcecode.c.h; path = AppDelegate.h; sourceTree = "<group>"; };
		5073A4321B5295EE000CA2D2 /* AppDelegate.m */ = {isa = PBXFileReference; lastKnownFileType = sourcecode.c.objc; path = AppDelegate.m; sourceTree = "<group>"; };
		5073A4351B5295EE000CA2D2 /* main.m */ = {isa = PBXFileReference; lastKnownFileType = sourcecode.c.objc; path = main.m; sourceTree = "<group>"; };
		5073A4371B5295EE000CA2D2 /* Assets.xcassets */ = {isa = PBXFileReference; lastKnownFileType = folder.assetcatalog; path = Assets.xcassets; sourceTree = "<group>"; };
		5073A43A1B5295EE000CA2D2 /* Base */ = {isa = PBXFileReference; lastKnownFileType = file.xib; name = Base; path = Base.lproj/MainMenu.xib; sourceTree = "<group>"; };
		5073A43C1B5295EE000CA2D2 /* Info.plist */ = {isa = PBXFileReference; lastKnownFileType = text.plist.xml; path = Info.plist; sourceTree = "<group>"; };
		5073A4401B529608000CA2D2 /* Pro-Crastinate v0.2.10.app */ = {isa = PBXFileReference; lastKnownFileType = wrapper.application; path = "Pro-Crastinate v0.2.10.app"; sourceTree = "<group>"; };
		5073A4431B529672000CA2D2 /* Pro-Crastinate v0.2.10.app */ = {isa = PBXFileReference; lastKnownFileType = wrapper.application; path = "Pro-Crastinate v0.2.10.app"; sourceTree = "<group>"; };
		5073A4461B5296AB000CA2D2 /* GameKit.framework */ = {isa = PBXFileReference; lastKnownFileType = wrapper.framework; name = GameKit.framework; path = System/Library/Frameworks/GameKit.framework; sourceTree = SDKROOT; };
		5073A4481B5296AB000CA2D2 /* pro-crastinate.entitlements */ = {isa = PBXFileReference; lastKnownFileType = text.xml; path = "pro-crastinate.entitlements"; sourceTree = "<group>"; };
/* End PBXFileReference section */

/* Begin PBXFrameworksBuildPhase section */
		5073A42B1B5295EE000CA2D2 /* Frameworks */ = {
			isa = PBXFrameworksBuildPhase;
			buildActionMask = 2147483647;
			files = (
				5073A4451B52967F000CA2D2 /* Pro-Crastinate v0.2.10.app in Frameworks */,
				5073A4471B5296AB000CA2D2 /* GameKit.framework in Frameworks */,
			);
			runOnlyForDeploymentPostprocessing = 0;
		};
/* End PBXFrameworksBuildPhase section */

/* Begin PBXGroup section */
		5073A41F1B5295A2000CA2D2 = {
			isa = PBXGroup;
			children = (
				5073A4461B5296AB000CA2D2 /* GameKit.framework */,
				5073A4431B529672000CA2D2 /* Pro-Crastinate v0.2.10.app */,
				5073A4401B529608000CA2D2 /* Pro-Crastinate v0.2.10.app */,
				5073A4301B5295EE000CA2D2 /* pro-crastinate */,
				5073A42F1B5295EE000CA2D2 /* Products */,
			);
			sourceTree = "<group>";
		};
		5073A42F1B5295EE000CA2D2 /* Products */ = {
			isa = PBXGroup;
			children = (
				5073A42E1B5295EE000CA2D2 /* pro-crastinate.app */,
			);
			name = Products;
			sourceTree = "<group>";
		};
		5073A4301B5295EE000CA2D2 /* pro-crastinate */ = {
			isa = PBXGroup;
			children = (
				5073A4481B5296AB000CA2D2 /* pro-crastinate.entitlements */,
				5073A4311B5295EE000CA2D2 /* AppDelegate.h */,
				5073A4321B5295EE000CA2D2 /* AppDelegate.m */,
				5073A4371B5295EE000CA2D2 /* Assets.xcassets */,
				5073A4391B5295EE000CA2D2 /* MainMenu.xib */,
				5073A43C1B5295EE000CA2D2 /* Info.plist */,
				5073A4341B5295EE000CA2D2 /* Supporting Files */,
			);
			path = "pro-crastinate";
			sourceTree = "<group>";
		};
		5073A4341B5295EE000CA2D2 /* Supporting Files */ = {
			isa = PBXGroup;
			children = (
				5073A4351B5295EE000CA2D2 /* main.m */,
			);
			name = "Supporting Files";
			sourceTree = "<group>";
		};
/* End PBXGroup section */

/* Begin PBXLegacyTarget section */
		5073A4241B5295A2000CA2D2 /* procrastinate */ = {
			isa = PBXLegacyTarget;
			buildArgumentsString = "$(ACTION)";
			buildConfigurationList = 5073A4271B5295A2000CA2D2 /* Build configuration list for PBXLegacyTarget "procrastinate" */;
			buildPhases = (
			);
			buildToolPath = /usr/bin/make;
			dependencies = (
			);
			name = procrastinate;
			passBuildSettingsInEnvironment = 1;
			productName = "pro-crastinate";
		};
/* End PBXLegacyTarget section */

/* Begin PBXNativeTarget section */
		5073A42D1B5295EE000CA2D2 /* pro-crastinate */ = {
			isa = PBXNativeTarget;
			buildConfigurationList = 5073A43D1B5295EE000CA2D2 /* Build configuration list for PBXNativeTarget "pro-crastinate" */;
			buildPhases = (
				5073A42A1B5295EE000CA2D2 /* Sources */,
				5073A42B1B5295EE000CA2D2 /* Frameworks */,
				5073A42C1B5295EE000CA2D2 /* Resources */,
			);
			buildRules = (
			);
			dependencies = (
			);
			name = "pro-crastinate";
			productName = "pro-crastinate";
			productReference = 5073A42E1B5295EE000CA2D2 /* pro-crastinate.app */;
			productType = "com.apple.product-type.application";
		};
/* End PBXNativeTarget section */

/* Begin PBXProject section */
		5073A4201B5295A2000CA2D2 /* Project object */ = {
			isa = PBXProject;
			attributes = {
				LastUpgradeCheck = 0700;
				ORGANIZATIONNAME = "Rattle Media Ltd";
				TargetAttributes = {
					5073A4241B5295A2000CA2D2 = {
						CreatedOnToolsVersion = 7.0;
					};
					5073A42D1B5295EE000CA2D2 = {
						CreatedOnToolsVersion = 7.0;
						DevelopmentTeam = 668T39KN4E;
						SystemCapabilities = {
							com.apple.GameCenter = {
								enabled = 1;
							};
							com.apple.Sandbox = {
								enabled = 1;
							};
						};
					};
				};
			};
			buildConfigurationList = 5073A4231B5295A2000CA2D2 /* Build configuration list for PBXProject "procrastinate" */;
			compatibilityVersion = "Xcode 3.2";
			developmentRegion = English;
			hasScannedForEncodings = 0;
			knownRegions = (
				en,
				Base,
			);
			mainGroup = 5073A41F1B5295A2000CA2D2;
			productRefGroup = 5073A42F1B5295EE000CA2D2 /* Products */;
			projectDirPath = "";
			projectRoot = "";
			targets = (
				5073A4241B5295A2000CA2D2 /* procrastinate */,
				5073A42D1B5295EE000CA2D2 /* pro-crastinate */,
			);
		};
/* End PBXProject section */

/* Begin PBXResourcesBuildPhase section */
		5073A42C1B5295EE000CA2D2 /* Resources */ = {
			isa = PBXResourcesBuildPhase;
			buildActionMask = 2147483647;
			files = (
				5073A4411B529608000CA2D2 /* Pro-Crastinate v0.2.10.app in Resources */,
				5073A4381B5295EE000CA2D2 /* Assets.xcassets in Resources */,
				5073A4441B529672000CA2D2 /* Pro-Crastinate v0.2.10.app in Resources */,
				5073A4421B529644000CA2D2 /* Pro-Crastinate v0.2.10.app in Resources */,
				5073A43B1B5295EE000CA2D2 /* MainMenu.xib in Resources */,
			);
			runOnlyForDeploymentPostprocessing = 0;
		};
/* End PBXResourcesBuildPhase section */

/* Begin PBXSourcesBuildPhase section */
		5073A42A1B5295EE000CA2D2 /* Sources */ = {
			isa = PBXSourcesBuildPhase;
			buildActionMask = 2147483647;
			files = (
				5073A4361B5295EE000CA2D2 /* main.m in Sources */,
				5073A4331B5295EE000CA2D2 /* AppDelegate.m in Sources */,
			);
			runOnlyForDeploymentPostprocessing = 0;
		};
/* End PBXSourcesBuildPhase section */

/* Begin PBXVariantGroup section */
		5073A4391B5295EE000CA2D2 /* MainMenu.xib */ = {
			isa = PBXVariantGroup;
			children = (
				5073A43A1B5295EE000CA2D2 /* Base */,
			);
			name = MainMenu.xib;
			sourceTree = "<group>";
		};
/* End PBXVariantGroup section */

/* Begin XCBuildConfiguration section */
		5073A4251B5295A2000CA2D2 /* Debug */ = {
			isa = XCBuildConfiguration;
			buildSettings = {
				ALWAYS_SEARCH_USER_PATHS = NO;
				CLANG_CXX_LANGUAGE_STANDARD = "gnu++0x";
				CLANG_CXX_LIBRARY = "libc++";
				CLANG_ENABLE_MODULES = YES;
				CLANG_ENABLE_OBJC_ARC = YES;
				CLANG_WARN_BOOL_CONVERSION = YES;
				CLANG_WARN_CONSTANT_CONVERSION = YES;
				CLANG_WARN_DIRECT_OBJC_ISA_USAGE = YES_ERROR;
				CLANG_WARN_EMPTY_BODY = YES;
				CLANG_WARN_ENUM_CONVERSION = YES;
				CLANG_WARN_INT_CONVERSION = YES;
				CLANG_WARN_OBJC_ROOT_CLASS = YES_ERROR;
				CLANG_WARN_UNREACHABLE_CODE = YES;
				CLANG_WARN__DUPLICATE_METHOD_MATCH = YES;
				COPY_PHASE_STRIP = NO;
				DEBUG_INFORMATION_FORMAT = dwarf;
				ENABLE_STRICT_OBJC_MSGSEND = YES;
				ENABLE_TESTABILITY = YES;
				GCC_C_LANGUAGE_STANDARD = gnu99;
				GCC_DYNAMIC_NO_PIC = NO;
				GCC_NO_COMMON_BLOCKS = YES;
				GCC_OPTIMIZATION_LEVEL = 0;
				GCC_PREPROCESSOR_DEFINITIONS = (
					"DEBUG=1",
					"$(inherited)",
				);
				GCC_WARN_64_TO_32_BIT_CONVERSION = YES;
				GCC_WARN_ABOUT_RETURN_TYPE = YES_ERROR;
				GCC_WARN_UNDECLARED_SELECTOR = YES;
				GCC_WARN_UNINITIALIZED_AUTOS = YES_AGGRESSIVE;
				GCC_WARN_UNUSED_FUNCTION = YES;
				GCC_WARN_UNUSED_VARIABLE = YES;
				MTL_ENABLE_DEBUG_INFO = YES;
				ONLY_ACTIVE_ARCH = YES;
			};
			name = Debug;
		};
		5073A4261B5295A2000CA2D2 /* Release */ = {
			isa = XCBuildConfiguration;
			buildSettings = {
				ALWAYS_SEARCH_USER_PATHS = NO;
				CLANG_CXX_LANGUAGE_STANDARD = "gnu++0x";
				CLANG_CXX_LIBRARY = "libc++";
				CLANG_ENABLE_MODULES = YES;
				CLANG_ENABLE_OBJC_ARC = YES;
				CLANG_WARN_BOOL_CONVERSION = YES;
				CLANG_WARN_CONSTANT_CONVERSION = YES;
				CLANG_WARN_DIRECT_OBJC_ISA_USAGE = YES_ERROR;
				CLANG_WARN_EMPTY_BODY = YES;
				CLANG_WARN_ENUM_CONVERSION = YES;
				CLANG_WARN_INT_CONVERSION = YES;
				CLANG_WARN_OBJC_ROOT_CLASS = YES_ERROR;
				CLANG_WARN_UNREACHABLE_CODE = YES;
				CLANG_WARN__DUPLICATE_METHOD_MATCH = YES;
				COPY_PHASE_STRIP = NO;
				DEBUG_INFORMATION_FORMAT = "dwarf-with-dsym";
				ENABLE_NS_ASSERTIONS = NO;
				ENABLE_STRICT_OBJC_MSGSEND = YES;
				GCC_C_LANGUAGE_STANDARD = gnu99;
				GCC_NO_COMMON_BLOCKS = YES;
				GCC_WARN_64_TO_32_BIT_CONVERSION = YES;
				GCC_WARN_ABOUT_RETURN_TYPE = YES_ERROR;
				GCC_WARN_UNDECLARED_SELECTOR = YES;
				GCC_WARN_UNINITIALIZED_AUTOS = YES_AGGRESSIVE;
				GCC_WARN_UNUSED_FUNCTION = YES;
				GCC_WARN_UNUSED_VARIABLE = YES;
				MTL_ENABLE_DEBUG_INFO = NO;
			};
			name = Release;
		};
		5073A4281B5295A2000CA2D2 /* Debug */ = {
			isa = XCBuildConfiguration;
			buildSettings = {
				DEBUGGING_SYMBOLS = YES;
				DEBUG_INFORMATION_FORMAT = dwarf;
				GCC_GENERATE_DEBUGGING_SYMBOLS = YES;
				GCC_OPTIMIZATION_LEVEL = 0;
				OTHER_CFLAGS = "";
				OTHER_LDFLAGS = "";
				PRODUCT_NAME = procrastinate;
			};
			name = Debug;
		};
		5073A4291B5295A2000CA2D2 /* Release */ = {
			isa = XCBuildConfiguration;
			buildSettings = {
				DEBUG_INFORMATION_FORMAT = "dwarf-with-dsym";
				OTHER_CFLAGS = "";
				OTHER_LDFLAGS = "";
				PRODUCT_NAME = procrastinate;
			};
			name = Release;
		};
		5073A43E1B5295EE000CA2D2 /* Debug */ = {
			isa = XCBuildConfiguration;
			buildSettings = {
				ASSETCATALOG_COMPILER_APPICON_NAME = AppIcon;
				CODE_SIGN_ENTITLEMENTS = "pro-crastinate/pro-crastinate.entitlements";
				CODE_SIGN_IDENTITY = "Mac Developer";
				"CODE_SIGN_IDENTITY[sdk=macosx*]" = "Mac Developer";
				COMBINE_HIDPI_IMAGES = YES;
				INFOPLIST_FILE = "pro-crastinate/Info.plist";
				LD_RUNPATH_SEARCH_PATHS = "$(inherited) @executable_path/../Frameworks";
				MACOSX_DEPLOYMENT_TARGET = 10.10;
				PRODUCT_BUNDLE_IDENTIFIER = "com.rattle-osx.pro-crastinate";
				PRODUCT_NAME = "$(TARGET_NAME)";
				PROVISIONING_PROFILE = "";
				SDKROOT = macosx;
			};
			name = Debug;
		};
		5073A43F1B5295EE000CA2D2 /* Release */ = {
			isa = XCBuildConfiguration;
			buildSettings = {
				ASSETCATALOG_COMPILER_APPICON_NAME = AppIcon;
				CODE_SIGN_ENTITLEMENTS = "pro-crastinate/pro-crastinate.entitlements";
				CODE_SIGN_IDENTITY = "Mac Developer";
				"CODE_SIGN_IDENTITY[sdk=macosx*]" = "Mac Developer";
				COMBINE_HIDPI_IMAGES = YES;
				INFOPLIST_FILE = "pro-crastinate/Info.plist";
				LD_RUNPATH_SEARCH_PATHS = "$(inherited) @executable_path/../Frameworks";
				MACOSX_DEPLOYMENT_TARGET = 10.10;
				PRODUCT_BUNDLE_IDENTIFIER = "com.rattle-osx.pro-crastinate";
				PRODUCT_NAME = "$(TARGET_NAME)";
				PROVISIONING_PROFILE = "";
				SDKROOT = macosx;
			};
			name = Release;
		};
/* End XCBuildConfiguration section */

/* Begin XCConfigurationList section */
		5073A4231B5295A2000CA2D2 /* Build configuration list for PBXProject "procrastinate" */ = {
			isa = XCConfigurationList;
			buildConfigurations = (
				5073A4251B5295A2000CA2D2 /* Debug */,
				5073A4261B5295A2000CA2D2 /* Release */,
			);
			defaultConfigurationIsVisible = 0;
			defaultConfigurationName = Release;
		};
		5073A4271B5295A2000CA2D2 /* Build configuration list for PBXLegacyTarget "procrastinate" */ = {
			isa = XCConfigurationList;
			buildConfigurations = (
				5073A4281B5295A2000CA2D2 /* Debug */,
				5073A4291B5295A2000CA2D2 /* Release */,
			);
			defaultConfigurationIsVisible = 0;
		};
		5073A43D1B5295EE000CA2D2 /* Build configuration list for PBXNativeTarget "pro-crastinate" */ = {
			isa = XCConfigurationList;
			buildConfigurations = (
				5073A43E1B5295EE000CA2D2 /* Debug */,
				5073A43F1B5295EE000CA2D2 /* Release */,
			);
			defaultConfigurationIsVisible = 0;
		};
/* End XCConfigurationList section */
	};
	rootObject = 5073A4201B5295A2000CA2D2 /* Project object */;
}
