Microsoft Visual Studio Solution File, Format Version 11.00
# Visual Studio 2008

Project("{13F3E51E-7F55-800D-CB93-5957D97E2FFF}") = "ProCrastinate", "Assembly-CSharp-firstpass-vs.csproj", "{A97B886E-0628-4AA8-8DE2-0404496E4538}"
EndProject
Project("{13F3E51E-7F55-800D-CB93-5957D97E2FFF}") = "ProCrastinate", "Assembly-CSharp-vs.csproj", "{73E6D0E3-BABD-BD55-CB12-5ADD724D3F7E}"
EndProject
Project("{13F3E51E-7F55-800D-CB93-5957D97E2FFF}") = "ProCrastinate", "Assembly-CSharp-Editor-vs.csproj", "{19F0C99A-D249-B5E0-E134-98D319D7F49C}"
EndProject
Global
	GlobalSection(SolutionConfigurationPlatforms) = preSolution
		Debug|Any CPU = Debug|Any CPU
		Release|Any CPU = Release|Any CPU
	EndGlobalSection
	GlobalSection(ProjectConfigurationPlatforms) = postSolution
		{A97B886E-0628-4AA8-8DE2-0404496E4538}.Debug|Any CPU.ActiveCfg = Debug|Any CPU
		{A97B886E-0628-4AA8-8DE2-0404496E4538}.Debug|Any CPU.Build.0 = Debug|Any CPU
		{A97B886E-0628-4AA8-8DE2-0404496E4538}.Release|Any CPU.ActiveCfg = Release|Any CPU
		{A97B886E-0628-4AA8-8DE2-0404496E4538}.Release|Any CPU.Build.0 = Release|Any CPU
		{73E6D0E3-BABD-BD55-CB12-5ADD724D3F7E}.Debug|Any CPU.ActiveCfg = Debug|Any CPU
		{73E6D0E3-BABD-BD55-CB12-5ADD724D3F7E}.Debug|Any CPU.Build.0 = Debug|Any CPU
		{73E6D0E3-BABD-BD55-CB12-5ADD724D3F7E}.Release|Any CPU.ActiveCfg = Release|Any CPU
		{73E6D0E3-BABD-BD55-CB12-5ADD724D3F7E}.Release|Any CPU.Build.0 = Release|Any CPU
		{19F0C99A-D249-B5E0-E134-98D319D7F49C}.Debug|Any CPU.ActiveCfg = Debug|Any CPU
		{19F0C99A-D249-B5E0-E134-98D319D7F49C}.Debug|Any CPU.Build.0 = Debug|Any CPU
		{19F0C99A-D249-B5E0-E134-98D319D7F49C}.Release|Any CPU.ActiveCfg = Release|Any CPU
		{19F0C99A-D249-B5E0-E134-98D319D7F49C}.Release|Any CPU.Build.0 = Release|Any CPU
	EndGlobalSection
	GlobalSection(SolutionProperties) = preSolution
		HideSolutionNode = FALSE
	EndGlobalSection
																																																						GlobalSection(MonoDevelopProperties) = preSolution
		StartupItem = Assembly-CSharp.csproj
		Policies = $0
		$0.TextStylePolicy = $1
		$1.inheritsSet = null
		$1.scope = text/x-csharp
		$0.CSharpFormattingPolicy = $2
		$2.inheritsSet = Mono
		$2.inheritsScope = text/x-csharp
		$2.scope = text/x-csharp
		$0.TextStylePolicy = $3
		$3.FileWidth = 120
		$3.TabWidth = 4
		$3.IndentWidth = 4
		$3.EolMarker = Unix
		$3.inheritsSet = Mono
		$3.inheritsScope = text/plain
		$3.scope = text/plain
	EndGlobalSection

EndGlobal
